# THIS IS AN AUTOGENERATED FILE. DO NOT EDIT THIS FILE DIRECTLY.
# yarn lockfile v1


"@babel/parser@^7.16.4":
  "integrity" "sha512-VKXSCQx5D8S04ej+Dqsr1CzYvvWgf20jIw2D+YhQCrIlr2UZGaDds23Y0xg75/skOxpLCRpUZvk/1EAVkGoDOw=="
  "resolved" "https://registry.npmjs.org/@babel/parser/-/parser-7.17.0.tgz"
  "version" "7.17.0"

"@emotion/hash@~0.8.0":
  "integrity" "sha512-kBJtf7PH6aWwZ6fka3zQ0p6SBYzx4fl1LoZXE2RrnYST9Xljm7WfKJrU4g/Xr3Beg72MLrp1AWNUmuYJTL7Cow=="
  "resolved" "https://registry.npmjs.org/@emotion/hash/-/hash-0.8.0.tgz"
  "version" "0.8.0"

"@types/node@~14.14.31":
  "integrity" "sha512-DssMqTV9UnnoxDWu959sDLZzfvqCF0qDNRjaWeYSui9xkFe61kKo4l1TWNTQONpuXEm+gLMRvdlzvNHBamzmEw=="
  "resolved" "https://registry.npmjs.org/@types/node/-/node-14.14.45.tgz"
  "version" "14.14.45"

"@vicons/antd@^0.12.0":
  "integrity" "sha512-C0p6aO1EmGG1QHrqgUWQS1No20934OdWSRQshM5NIDK5H1On6tC26U0hT6Rmp40KfUsvhvX5YW8BoWJdNFifPg=="
  "resolved" "https://registry.npmjs.org/@vicons/antd/-/antd-0.12.0.tgz"
  "version" "0.12.0"

"@vicons/carbon@^0.12.0":
  "integrity" "sha512-kCOgr/ZOhZzoiFLJ8pwxMa2TMxrkCUOA22qExPabus35F4+USqzcsxaPoYtqRd9ROOYiHrSqwapak/ywF0D9bg=="
  "resolved" "https://registry.npmjs.org/@vicons/carbon/-/carbon-0.12.0.tgz"
  "version" "0.12.0"

"@vicons/fa@^0.12.0":
  "integrity" "sha512-g2PIeJLsTHUjt6bK63LxqC0uYQB7iu+xViJOxvp1s8b9/akpXVPVWjDTTsP980/0KYyMMe4U7F/aUo7wY+MsXA=="
  "resolved" "https://registry.npmjs.org/@vicons/fa/-/fa-0.12.0.tgz"
  "version" "0.12.0"

"@vicons/fluent@^0.12.0":
  "integrity" "sha512-ATCiqPuiJ6RI5GBlD3BIpZ9Xw4MsCA4RpI5oR6MCti4quS4mX1Gp6N74FCzw7lgOj+80rV4HMKhZTVInwimpVQ=="
  "resolved" "https://registry.npmjs.org/@vicons/fluent/-/fluent-0.12.0.tgz"
  "version" "0.12.0"

"@vicons/ionicons4@^0.12.0":
  "integrity" "sha512-i+7YwlpCrqD6m9esbZLy1bpVQlh4CKugtS3OzgfNw6BLTQQK6HT7drktaJgcESj/BTr4avdNbAtMQXx56wSVMg=="
  "resolved" "https://registry.npmjs.org/@vicons/ionicons4/-/ionicons4-0.12.0.tgz"
  "version" "0.12.0"

"@vicons/ionicons5@^0.12.0":
  "integrity" "sha512-Iy1EUVRpX0WWxeu1VIReR1zsZLMc4fqpt223czR+Rpnrwu7pt46nbnC2ycO7ItI/uqDLJxnbcMC7FujKs9IfFA=="
  "resolved" "https://registry.npmjs.org/@vicons/ionicons5/-/ionicons5-0.12.0.tgz"
  "version" "0.12.0"

"@vicons/material@^0.12.0":
  "integrity" "sha512-chv1CYAl8P32P3Ycwgd5+vw/OFNc2mtkKdb1Rw4T5IJmKy6GVDsoUKV3N2l208HATn7CCQphZtuPDdsm7K2kmA=="
  "resolved" "https://registry.npmjs.org/@vicons/material/-/material-0.12.0.tgz"
  "version" "0.12.0"

"@vicons/tabler@^0.12.0":
  "integrity" "sha512-3+wUFuxb7e8OzZ8Wryct1pzfA2vyoF4lwW98O9s27ZrfCGaJGNmqG+q8A7vQ92Mf+COCgxpK+rhNPTtTvaU6qw=="
  "resolved" "https://registry.npmjs.org/@vicons/tabler/-/tabler-0.12.0.tgz"
  "version" "0.12.0"

"@vicons/utils@^0.1.4":
  "integrity" "sha512-OHI19qVNN6i+uPQ+Y3f2s0dUxwsYnOCcKBW7XOU4yXXO1aU3ZoKpblCc3+4N0qmgoJs5rWKRAaMisipqEXJwAg=="
  "resolved" "https://registry.npmjs.org/@vicons/utils/-/utils-0.1.4.tgz"
  "version" "0.1.4"
  dependencies:
    "@xicons/utils" "^0.1.4"

"@vitejs/plugin-vue@^2.0.0":
  "integrity" "sha512-AZ78WxvFMYd8JmM/GBV6a6SGGTU0GgN/0/4T+FnMMsLzFEzTeAUwuraapy50ifHZsC+G5SvWs86bvaCPTneFlA=="
  "resolved" "https://registry.npmjs.org/@vitejs/plugin-vue/-/plugin-vue-2.1.0.tgz"
  "version" "2.1.0"

"@vue/compiler-core@3.2.29":
  "integrity" "sha512-RePZ/J4Ub3sb7atQw6V6Rez+/5LCRHGFlSetT3N4VMrejqJnNPXKUt5AVm/9F5MJriy2w/VudEIvgscCfCWqxw=="
  "resolved" "https://registry.npmjs.org/@vue/compiler-core/-/compiler-core-3.2.29.tgz"
  "version" "3.2.29"
  dependencies:
    "@babel/parser" "^7.16.4"
    "@vue/shared" "3.2.29"
    "estree-walker" "^2.0.2"
    "source-map" "^0.6.1"

"@vue/compiler-dom@3.2.29":
  "integrity" "sha512-y26vK5khdNS9L3ckvkqJk/78qXwWb75Ci8iYLb67AkJuIgyKhIOcR1E8RIt4mswlVCIeI9gQ+fmtdhaiTAtrBQ=="
  "resolved" "https://registry.npmjs.org/@vue/compiler-dom/-/compiler-dom-3.2.29.tgz"
  "version" "3.2.29"
  dependencies:
    "@vue/compiler-core" "3.2.29"
    "@vue/shared" "3.2.29"

"@vue/compiler-sfc@3.2.29":
  "integrity" "sha512-X9+0dwsag2u6hSOP/XsMYqFti/edvYvxamgBgCcbSYuXx1xLZN+dS/GvQKM4AgGS4djqo0jQvWfIXdfZ2ET68g=="
  "resolved" "https://registry.npmjs.org/@vue/compiler-sfc/-/compiler-sfc-3.2.29.tgz"
  "version" "3.2.29"
  dependencies:
    "@babel/parser" "^7.16.4"
    "@vue/compiler-core" "3.2.29"
    "@vue/compiler-dom" "3.2.29"
    "@vue/compiler-ssr" "3.2.29"
    "@vue/reactivity-transform" "3.2.29"
    "@vue/shared" "3.2.29"
    "estree-walker" "^2.0.2"
    "magic-string" "^0.25.7"
    "postcss" "^8.1.10"
    "source-map" "^0.6.1"

"@vue/compiler-ssr@3.2.29":
  "integrity" "sha512-LrvQwXlx66uWsB9/VydaaqEpae9xtmlUkeSKF6aPDbzx8M1h7ukxaPjNCAXuFd3fUHblcri8k42lfimHfzMICA=="
  "resolved" "https://registry.npmjs.org/@vue/compiler-ssr/-/compiler-ssr-3.2.29.tgz"
  "version" "3.2.29"
  dependencies:
    "@vue/compiler-dom" "3.2.29"
    "@vue/shared" "3.2.29"

"@vue/devtools-api@^6.0.0-beta.11", "@vue/devtools-api@^6.0.0-beta.18":
  "integrity" "sha512-FqC4s3pm35qGVeXRGOjTsRzlkJjrBLriDS9YXbflHLsfA9FrcKzIyWnLXoNm+/7930E8rRakXuAc2QkC50swAw=="
  "resolved" "https://registry.npmjs.org/@vue/devtools-api/-/devtools-api-6.0.0-beta.21.1.tgz"
  "version" "6.0.0-beta.21.1"

"@vue/reactivity-transform@3.2.29":
  "integrity" "sha512-YF6HdOuhdOw6KyRm59+3rML8USb9o8mYM1q+SH0G41K3/q/G7uhPnHGKvspzceD7h9J3VR1waOQ93CUZj7J7OA=="
  "resolved" "https://registry.npmjs.org/@vue/reactivity-transform/-/reactivity-transform-3.2.29.tgz"
  "version" "3.2.29"
  dependencies:
    "@babel/parser" "^7.16.4"
    "@vue/compiler-core" "3.2.29"
    "@vue/shared" "3.2.29"
    "estree-walker" "^2.0.2"
    "magic-string" "^0.25.7"

"@vue/reactivity@3.2.29":
  "integrity" "sha512-Ryhb6Gy62YolKXH1gv42pEqwx7zs3n8gacRVZICSgjQz8Qr8QeCcFygBKYfJm3o1SccR7U+bVBQDWZGOyG1k4g=="
  "resolved" "https://registry.npmjs.org/@vue/reactivity/-/reactivity-3.2.29.tgz"
  "version" "3.2.29"
  dependencies:
    "@vue/shared" "3.2.29"

"@vue/runtime-core@3.2.29":
  "integrity" "sha512-VMvQuLdzoTGmCwIKTKVwKmIL0qcODIqe74JtK1pVr5lnaE0l25hopodmPag3RcnIcIXe+Ye3B2olRCn7fTCgig=="
  "resolved" "https://registry.npmjs.org/@vue/runtime-core/-/runtime-core-3.2.29.tgz"
  "version" "3.2.29"
  dependencies:
    "@vue/reactivity" "3.2.29"
    "@vue/shared" "3.2.29"

"@vue/runtime-dom@3.2.29":
  "integrity" "sha512-YJgLQLwr+SQyORzTsBQLL5TT/5UiV83tEotqjL7F9aFDIQdFBTCwpkCFvX9jqwHoyi9sJqM9XtTrMcc8z/OjPA=="
  "resolved" "https://registry.npmjs.org/@vue/runtime-dom/-/runtime-dom-3.2.29.tgz"
  "version" "3.2.29"
  dependencies:
    "@vue/runtime-core" "3.2.29"
    "@vue/shared" "3.2.29"
    "csstype" "^2.6.8"

"@vue/server-renderer@3.2.29":
  "integrity" "sha512-lpiYx7ciV7rWfJ0tPkoSOlLmwqBZ9FTmQm33S+T4g0j1fO/LmhJ9b9Ctl1o5xvIFVDk9QkSUWANZn7H2pXuxVw=="
  "resolved" "https://registry.npmjs.org/@vue/server-renderer/-/server-renderer-3.2.29.tgz"
  "version" "3.2.29"
  dependencies:
    "@vue/compiler-ssr" "3.2.29"
    "@vue/shared" "3.2.29"

"@vue/shared@3.2.29":
  "integrity" "sha512-BjNpU8OK6Z0LVzGUppEk0CMYm/hKDnZfYdjSmPOs0N+TR1cLKJAkDwW8ASZUvaaSLEi6d3hVM7jnWnX+6yWnHw=="
  "resolved" "https://registry.npmjs.org/@vue/shared/-/shared-3.2.29.tgz"
  "version" "3.2.29"

"@xicons/utils@^0.1.4":
  "integrity" "sha512-uXxKDLz9abr80yJC05XSTq6wlyFcdW+N/1IYJkeHjzzXVc4VQ0sEYMoMMTjAH7HQBOyOkzOB4pf5NGF72lwa8Q=="
  "resolved" "https://registry.npmjs.org/@xicons/utils/-/utils-0.1.4.tgz"
  "version" "0.1.4"
  dependencies:
    "css-render" "^0.13.2"

"css-render@^0.13.2":
  "integrity" "sha512-n3C4ZH59rveBrUlAD7n0Ze9/gUMKa4dlH1C9CWKpGcIHR/xRcIVXzBGy1iw8WWq2ySmn2/ZqOpySQNAK5Pb6sw=="
  "resolved" "https://registry.npmjs.org/css-render/-/css-render-0.13.9.tgz"
  "version" "0.13.9"
  dependencies:
    "@emotion/hash" "~0.8.0"
    "@types/node" "~14.14.31"
    "csstype" "~3.0.5"

"csstype@^2.6.8":
  "integrity" "sha512-ZVxXaNy28/k3kJg0Fou5MiYpp88j7H9hLZp8PDC3jV0WFjfH5E9xHb56L0W59cPbKbcHXeP4qyT8PrHp8t6LcQ=="
  "resolved" "https://registry.npmjs.org/csstype/-/csstype-2.6.19.tgz"
  "version" "2.6.19"

"csstype@~3.0.5":
  "integrity" "sha512-2u44ZG2OcNUO9HDp/Jl8C07x6pU/eTR3ncV91SiK3dhG9TWvRVsCoJw14Ckx5DgWkzGA3waZWO3d7pgqpUI/XA=="
  "resolved" "https://registry.npmjs.org/csstype/-/csstype-3.0.10.tgz"
  "version" "3.0.10"

"esbuild-darwin-64@0.13.15":
  "integrity" "sha512-ihOQRGs2yyp7t5bArCwnvn2Atr6X4axqPpEdCFPVp7iUj4cVSdisgvEKdNR7yH3JDjW6aQDw40iQFoTqejqxvQ=="
  "resolved" "https://registry.npmjs.org/esbuild-darwin-64/-/esbuild-darwin-64-0.13.15.tgz"
  "version" "0.13.15"

"esbuild@^0.13.12":
  "integrity" "sha512-raCxt02HBKv8RJxE8vkTSCXGIyKHdEdGfUmiYb8wnabnaEmHzyW7DCHb5tEN0xU8ryqg5xw54mcwnYkC4x3AIw=="
  "resolved" "https://registry.npmjs.org/esbuild/-/esbuild-0.13.15.tgz"
  "version" "0.13.15"
  optionalDependencies:
    "esbuild-android-arm64" "0.13.15"
    "esbuild-darwin-64" "0.13.15"
    "esbuild-darwin-arm64" "0.13.15"
    "esbuild-freebsd-64" "0.13.15"
    "esbuild-freebsd-arm64" "0.13.15"
    "esbuild-linux-32" "0.13.15"
    "esbuild-linux-64" "0.13.15"
    "esbuild-linux-arm" "0.13.15"
    "esbuild-linux-arm64" "0.13.15"
    "esbuild-linux-mips64le" "0.13.15"
    "esbuild-linux-ppc64le" "0.13.15"
    "esbuild-netbsd-64" "0.13.15"
    "esbuild-openbsd-64" "0.13.15"
    "esbuild-sunos-64" "0.13.15"
    "esbuild-windows-32" "0.13.15"
    "esbuild-windows-64" "0.13.15"
    "esbuild-windows-arm64" "0.13.15"

"estree-walker@^2.0.2":
  "integrity" "sha512-Rfkk/Mp/DL7JVje3u18FxFujQlTNR2q6QfMSMB7AvCBx91NGj/ba3kCfza0f6dVDbw7YlRf/nDrn7pQrCCyQ/w=="
  "resolved" "https://registry.npmjs.org/estree-walker/-/estree-walker-2.0.2.tgz"
  "version" "2.0.2"

"fsevents@~2.3.2":
  "integrity" "sha512-xiqMQR4xAeHTuB9uWm+fFRcIOgKBMiOBP+eXiyT7jsgVCq1bkVygt00oASowB7EdtpOHaaPgKt812P9ab+DDKA=="
  "resolved" "https://registry.npmjs.org/fsevents/-/fsevents-2.3.2.tgz"
  "version" "2.3.2"

"function-bind@^1.1.1":
  "integrity" "sha512-yIovAzMX49sF8Yl58fSCWJ5svSLuaibPxXQJFLmBObTuCr0Mf1KiPopGM9NiFjiYBCbfaa2Fh6breQ6ANVTI0A=="
  "resolved" "https://registry.npmjs.org/function-bind/-/function-bind-1.1.1.tgz"
  "version" "1.1.1"

"has@^1.0.3":
  "integrity" "sha512-f2dvO0VU6Oej7RkWJGrehjbzMAjFp5/VKPp5tTpWIV4JHHZK1/BxbFRtf/siA2SWTe09caDmVtYYzWEIbBS4zw=="
  "resolved" "https://registry.npmjs.org/has/-/has-1.0.3.tgz"
  "version" "1.0.3"
  dependencies:
    "function-bind" "^1.1.1"

"is-core-module@^2.8.1":
  "integrity" "sha512-SdNCUs284hr40hFTFP6l0IfZ/RSrMXF3qgoRHd3/79unUTvrFO/JoXwkGm+5J/Oe3E/b5GsnG330uUNgRpu1PA=="
  "resolved" "https://registry.npmjs.org/is-core-module/-/is-core-module-2.8.1.tgz"
  "version" "2.8.1"
  dependencies:
    "has" "^1.0.3"

"magic-string@^0.25.7":
  "integrity" "sha512-4CrMT5DOHTDk4HYDlzmwu4FVCcIYI8gauveasrdCu2IKIFOJ3f0v/8MDGJCDL9oD2ppz/Av1b0Nj345H9M+XIA=="
  "resolved" "https://registry.npmjs.org/magic-string/-/magic-string-0.25.7.tgz"
  "version" "0.25.7"
  dependencies:
    "sourcemap-codec" "^1.4.4"

"moment@^2.29.1":
  "integrity" "sha512-kHmoybcPV8Sqy59DwNDY3Jefr64lK/by/da0ViFcuA4DH0vQg5Q6Ze5VimxkfQNSC+Mls/Kx53s7TjP1RhFEDQ=="
  "resolved" "https://registry.npmjs.org/moment/-/moment-2.29.1.tgz"
  "version" "2.29.1"

"nanoid@^3.2.0":
  "integrity" "sha512-fmsZYa9lpn69Ad5eDn7FMcnnSR+8R34W9qJEijxYhTbfOWzr22n1QxCMzXLK+ODyW2973V3Fux959iQoUxzUIA=="
  "resolved" "https://registry.npmjs.org/nanoid/-/nanoid-3.2.0.tgz"
  "version" "3.2.0"

"path-parse@^1.0.7":
  "integrity" "sha512-LDJzPVEEEPR+y48z93A0Ed0yXb8pAByGWo/k5YYdYgpY2/2EsOsksJrq7lOHxryrVOn1ejG6oAp8ahvOIQD8sw=="
  "resolved" "https://registry.npmjs.org/path-parse/-/path-parse-1.0.7.tgz"
  "version" "1.0.7"

"picocolors@^1.0.0":
  "integrity" "sha512-1fygroTLlHu66zi26VoTDv8yRgm0Fccecssto+MhsZ0D/DGW2sm8E8AjW7NU5VVTRt5GxbeZ5qBuJr+HyLYkjQ=="
  "resolved" "https://registry.npmjs.org/picocolors/-/picocolors-1.0.0.tgz"
  "version" "1.0.0"

"postcss@^8.1.10", "postcss@^8.4.5":
  "integrity" "sha512-OovjwIzs9Te46vlEx7+uXB0PLijpwjXGKXjVGGPIGubGpq7uh5Xgf6D6FiJ/SzJMBosHDp6a2hiXOS97iBXcaA=="
  "resolved" "https://registry.npmjs.org/postcss/-/postcss-8.4.6.tgz"
  "version" "8.4.6"
  dependencies:
    "nanoid" "^3.2.0"
    "picocolors" "^1.0.0"
    "source-map-js" "^1.0.2"

"resolve@^1.20.0":
  "integrity" "sha512-Hhtrw0nLeSrFQ7phPp4OOcVjLPIeMnRlr5mcnVuMe7M/7eBn98A3hmFRLoFo3DLZkivSYwhRUJTyPyWAk56WLw=="
  "resolved" "https://registry.npmjs.org/resolve/-/resolve-1.22.0.tgz"
  "version" "1.22.0"
  dependencies:
    "is-core-module" "^2.8.1"
    "path-parse" "^1.0.7"
    "supports-preserve-symlinks-flag" "^1.0.0"

"rollup@^2.59.0":
  "integrity" "sha512-W83AaERwvDiHwHEF/dfAfS3z1Be5wf7n+pO3ZAO5IQadCT2lBTr7WQ2MwZZe+nodbD+n3HtC4OCOAdsOPPcKZQ=="
  "resolved" "https://registry.npmjs.org/rollup/-/rollup-2.67.0.tgz"
  "version" "2.67.0"
  optionalDependencies:
    "fsevents" "~2.3.2"

"source-map-js@^1.0.2":
  "integrity" "sha512-R0XvVJ9WusLiqTCEiGCmICCMplcCkIwwR11mOSD9CR5u+IXYdiseeEuXCVAjS54zqwkLcPNnmU4OeJ6tUrWhDw=="
  "resolved" "https://registry.npmjs.org/source-map-js/-/source-map-js-1.0.2.tgz"
  "version" "1.0.2"

"source-map@^0.6.1":
  "integrity" "sha512-UjgapumWlbMhkBgzT7Ykc5YXUT46F0iKu8SGXq0bcwP5dz/h0Plj6enJqjz1Zbq2l5WaqYnrVbwWOWMyF3F47g=="
  "resolved" "https://registry.npmjs.org/source-map/-/source-map-0.6.1.tgz"
  "version" "0.6.1"

"sourcemap-codec@^1.4.4":
  "integrity" "sha512-9NykojV5Uih4lgo5So5dtw+f0JgJX30KCNI8gwhz2J9A15wD0Ml6tjHKwf6fTSa6fAdVBdZeNOs9eJ71qCk8vA=="
  "resolved" "https://registry.npmjs.org/sourcemap-codec/-/sourcemap-codec-1.4.8.tgz"
  "version" "1.4.8"

"supports-preserve-symlinks-flag@^1.0.0":
  "integrity" "sha512-ot0WnXS9fgdkgIcePe6RHNk1WA8+muPa6cSjeR3V8K27q9BB1rTE3R1p7Hv0z1ZyAc8s6Vvv8DIyWf681MAt0w=="
  "resolved" "https://registry.npmjs.org/supports-preserve-symlinks-flag/-/supports-preserve-symlinks-flag-1.0.0.tgz"
  "version" "1.0.0"

"vite@^2.5.10", "vite@^2.7.2":
  "integrity" "sha512-Mq8et7f3aK0SgSxjDNfOAimZGW9XryfHRa/uV0jseQSilg+KhYDSoNb9h1rknOy6SuMkvNDLKCYAYYUMCE+IgQ=="
  "resolved" "https://registry.npmjs.org/vite/-/vite-2.7.13.tgz"
  "version" "2.7.13"
  dependencies:
    "esbuild" "^0.13.12"
    "postcss" "^8.4.5"
    "resolve" "^1.20.0"
    "rollup" "^2.59.0"
  optionalDependencies:
    "fsevents" "~2.3.2"

"vue-router@4":
  "integrity" "sha512-CPXvfqe+mZLB1kBWssssTiWg4EQERyqJZes7USiqfW9B5N2x+nHlnsM1D3b5CaJ6qgCvMmYJnz+G0iWjNCvXrg=="
  "resolved" "https://registry.npmjs.org/vue-router/-/vue-router-4.0.12.tgz"
  "version" "4.0.12"
  dependencies:
    "@vue/devtools-api" "^6.0.0-beta.18"

"vue@^3.0.0", "vue@^3.0.2", "vue@^3.0.6", "vue@^3.2.25", "vue@3.2.29":
  "integrity" "sha512-cFIwr7LkbtCRanjNvh6r7wp2yUxfxeM2yPpDQpAfaaLIGZSrUmLbNiSze9nhBJt5MrZ68Iqt0O5scwAMEVxF+Q=="
  "resolved" "https://registry.npmjs.org/vue/-/vue-3.2.29.tgz"
  "version" "3.2.29"
  dependencies:
    "@vue/compiler-dom" "3.2.29"
    "@vue/compiler-sfc" "3.2.29"
    "@vue/runtime-dom" "3.2.29"
    "@vue/server-renderer" "3.2.29"
    "@vue/shared" "3.2.29"

"vuex@^4.0.2":
  "integrity" "sha512-M6r8uxELjZIK8kTKDGgZTYX/ahzblnzC4isU1tpmEuOIIKmV+TRdc+H4s8ds2NuZ7wpUTdGRzJRtoj+lI+pc0Q=="
  "resolved" "https://registry.npmjs.org/vuex/-/vuex-4.0.2.tgz"
  "version" "4.0.2"
  dependencies:
    "@vue/devtools-api" "^6.0.0-beta.11"
